PODS:
  - AFNetworking (3.1.0):
    - AFNetworking/NSURLSession (= 3.1.0)
    - AFNetworking/Reachability (= 3.1.0)
    - AFNetworking/Security (= 3.1.0)
    - AFNetworking/Serialization (= 3.1.0)
    - AFNetworking/UIKit (= 3.1.0)
  - AFNetworking/NSURLSession (3.1.0):
    - AFNetworking/Reachability
    - AFNetworking/Security
    - AFNetworking/Serialization
  - AFNetworking/Reachability (3.1.0)
  - AFNetworking/Security (3.1.0)
  - AFNetworking/Serialization (3.1.0)
  - AFNetworking/UIKit (3.1.0):
    - AFNetworking/NSURLSession
  - Aspects (1.4.1)
  - BlocksKit (2.2.5):
    - BlocksKit/All (= 2.2.5)
  - BlocksKit/All (2.2.5):
    - BlocksKit/Core
    - BlocksKit/DynamicDelegate
    - BlocksKit/MessageUI
    - BlocksKit/UIKit
  - BlocksKit/Core (2.2.5)
  - BlocksKit/DynamicDelegate (2.2.5)
  - BlocksKit/MessageUI (2.2.5):
    - BlocksKit/Core
    - BlocksKit/DynamicDelegate
  - BlocksKit/UIKit (2.2.5):
    - BlocksKit/Core
    - BlocksKit/DynamicDelegate
  - evernote-cloud-sdk-ios (2.0.5)
  - FBRetainCycleDetector (0.1.3)
  - FMDB (2.6.2):
    - FMDB/standard (= 2.6.2)
  - FMDB/standard (2.6.2)
  - GYDataCenter (0.1.1):
    - FMDB
  - GYHttpMock (1.0.1)
  - libextobjc (0.4.1):
    - libextobjc/EXTADT (= 0.4.1)
    - libextobjc/EXTConcreteProtocol (= 0.4.1)
    - libextobjc/EXTKeyPathCoding (= 0.4.1)
    - libextobjc/EXTNil (= 0.4.1)
    - libextobjc/EXTSafeCategory (= 0.4.1)
    - libextobjc/EXTScope (= 0.4.1)
    - libextobjc/EXTSelectorChecking (= 0.4.1)
    - libextobjc/EXTSynthesize (= 0.4.1)
    - libextobjc/NSInvocation+EXT (= 0.4.1)
    - libextobjc/NSMethodSignature+EXT (= 0.4.1)
    - libextobjc/RuntimeExtensions (= 0.4.1)
    - libextobjc/UmbrellaHeader (= 0.4.1)
  - libextobjc/EXTADT (0.4.1):
    - libextobjc/RuntimeExtensions
  - libextobjc/EXTConcreteProtocol (0.4.1):
    - libextobjc/RuntimeExtensions
  - libextobjc/EXTKeyPathCoding (0.4.1):
    - libextobjc/RuntimeExtensions
  - libextobjc/EXTNil (0.4.1):
    - libextobjc/RuntimeExtensions
  - libextobjc/EXTSafeCategory (0.4.1):
    - libextobjc/RuntimeExtensions
  - libextobjc/EXTScope (0.4.1):
    - libextobjc/RuntimeExtensions
  - libextobjc/EXTSelectorChecking (0.4.1):
    - libextobjc/RuntimeExtensions
  - libextobjc/EXTSynthesize (0.4.1):
    - libextobjc/RuntimeExtensions
  - libextobjc/NSInvocation+EXT (0.4.1):
    - libextobjc/RuntimeExtensions
  - libextobjc/NSMethodSignature+EXT (0.4.1):
    - libextobjc/RuntimeExtensions
  - libextobjc/RuntimeExtensions (0.4.1)
  - libextobjc/UmbrellaHeader (0.4.1)
  - Masonry (1.0.1)
  - MJExtension (3.0.13)
  - MJRefresh (3.1.12)
  - MLeaksFinder (0.2.0):
    - FBRetainCycleDetector
  - OCMock (3.3.1)
  - pop (1.0.9)
  - SDAutoLayout (2.1.7)
  - STAlertView (1.0.0)
  - YYCache (1.0.3)

DEPENDENCIES:
  - AFNetworking
  - Aspects
  - BlocksKit
  - evernote-cloud-sdk-ios
  - GYDataCenter
  - GYHttpMock
  - libextobjc
  - Masonry
  - MJExtension
  - MJRefresh
  - MLeaksFinder
  - OCMock
  - pop
  - SDAutoLayout
  - STAlertView
  - YYCache

SPEC CHECKSUMS:
  AFNetworking: 5e0e199f73d8626b11e79750991f5d173d1f8b67
  Aspects: 7595ba96a6727a58ebcbfc954497fc5d2fdde546
  BlocksKit: 7f422b971407001178d181a43b99014ea2591fe6
  evernote-cloud-sdk-ios: 048cf5dcdc0c64069192d1336b7e121bc1a77e12
  FBRetainCycleDetector: f0c7b290bf48ae77f6ae060843ce34ae341781eb
  FMDB: 854a0341b4726e53276f2a8996f06f1b80f9259a
  GYDataCenter: 620dc2564589f50d2370a691303e0d7215f7c0af
  GYHttpMock: ad08e55ce8bde4e7f7b4d0cbc79ff23c1311658b
  libextobjc: a650fc1bf489a3d3a9bc2e621efa3e1006fc5471
  Masonry: a1a931a0d08870ed8ae415a2ea5ea68ebcac77df
  MJExtension: 5932755f451458eefa24239358817f8d291240c7
  MJRefresh: b96cdb21c4aa75a7b07654311ab2f315c497e806
  MLeaksFinder: 07ab450d72d3bf5ef4201b74047d74ceae66d605
  OCMock: f3f61e6eaa16038c30caa5798c5e49d3307b6f22
  pop: f667631a5108a2e60d9e8797c9b32ddaf2080bce
  SDAutoLayout: e9b36d04b8c0b504762a04d76fbbe5108944297a
  STAlertView: bfcbdfed87dc7bfb35c04acd5d96aecebb923d48
  YYCache: 282f35b5b0990833d0b7a06d864a87141a021da2

PODFILE CHECKSUM: e6027d9f5ee2ec5e354a43f90eb5027f08e58264

COCOAPODS: 1.0.1
